
Microsoft Visual Studio Solution File, Format Version 12.00
# Visual Studio Version 17
VisualStudioVersion = 17.7.34031.279
MinimumVisualStudioVersion = 10.0.40219.1
Project("{FAE04EC0-301F-11D3-BF4B-00C04F79EFBC}") = "Ariketa2", "Ariketa2\Ariketa2.csproj", "{704269F2-F913-47C2-9C03-CA32FF10E74F}"
EndProject
Global
	GlobalSection(SolutionConfigurationPlatforms) = preSolution
		Debug|Any CPU = Debug|Any CPU
		Release|Any CPU = Release|Any CPU
	EndGlobalSection
	GlobalSection(ProjectConfigurationPlatforms) = postSolution
		{704269F2-F913-47C2-9C03-CA32FF10E74F}.Debug|Any CPU.ActiveCfg = Debug|Any CPU
		{704269F2-F913-47C2-9C03-CA32FF10E74F}.Debug|Any CPU.Build.0 = Debug|Any CPU
		{704269F2-F913-47C2-9C03-CA32FF10E74F}.Release|Any CPU.ActiveCfg = Release|Any CPU
		{704269F2-F913-47C2-9C03-CA32FF10E74F}.Release|Any CPU.Build.0 = Release|Any CPU
	EndGlobalSection
	GlobalSection(SolutionProperties) = preSolution
		HideSolutionNode = FALSE
	EndGlobalSection
	GlobalSection(ExtensibilityGlobals) = postSolution
		SolutionGuid = {97503D07-EE70-4D9F-9B22-E706293BB810}
	EndGlobalSection
EndGlobal
