
Microsoft Visual Studio Solution File, Format Version 12.00
# Visual Studio Version 17
VisualStudioVersion = 17.7.34031.279
MinimumVisualStudioVersion = 10.0.40219.1
Project("{FAE04EC0-301F-11D3-BF4B-00C04F79EFBC}") = "Ariketa3", "Ariketa3.csproj", "{87078718-D4F7-4BF2-B9A4-83C0B5FE380B}"
EndProject
Global
	GlobalSection(SolutionConfigurationPlatforms) = preSolution
		Debug|Any CPU = Debug|Any CPU
		Release|Any CPU = Release|Any CPU
	EndGlobalSection
	GlobalSection(ProjectConfigurationPlatforms) = postSolution
		{87078718-D4F7-4BF2-B9A4-83C0B5FE380B}.Debug|Any CPU.ActiveCfg = Debug|Any CPU
		{87078718-D4F7-4BF2-B9A4-83C0B5FE380B}.Debug|Any CPU.Build.0 = Debug|Any CPU
		{87078718-D4F7-4BF2-B9A4-83C0B5FE380B}.Release|Any CPU.ActiveCfg = Release|Any CPU
		{87078718-D4F7-4BF2-B9A4-83C0B5FE380B}.Release|Any CPU.Build.0 = Release|Any CPU
	EndGlobalSection
	GlobalSection(SolutionProperties) = preSolution
		HideSolutionNode = FALSE
	EndGlobalSection
	GlobalSection(ExtensibilityGlobals) = postSolution
		SolutionGuid = {A4FEAEFD-D18E-404E-8D6E-C44350B49F4F}
	EndGlobalSection
EndGlobal
