
Microsoft Visual Studio Solution File, Format Version 12.00
# Visual Studio Version 17
VisualStudioVersion = 17.7.34031.279
MinimumVisualStudioVersion = 10.0.40219.1
Project("{FAE04EC0-301F-11D3-BF4B-00C04F79EFBC}") = "WinFormsGrafikoa", "WinFormsGrafikoa.csproj", "{63BCD58D-F64A-4BD2-976A-9E6314098448}"
EndProject
Project("{FAE04EC0-301F-11D3-BF4B-00C04F79EFBC}") = "Proba", "..\Proba\Proba.csproj", "{0FBD0EF2-E8B9-4E77-9B7B-B1D750550438}"
EndProject
Global
	GlobalSection(SolutionConfigurationPlatforms) = preSolution
		Debug|Any CPU = Debug|Any CPU
		Release|Any CPU = Release|Any CPU
	EndGlobalSection
	GlobalSection(ProjectConfigurationPlatforms) = postSolution
		{63BCD58D-F64A-4BD2-976A-9E6314098448}.Debug|Any CPU.ActiveCfg = Debug|Any CPU
		{63BCD58D-F64A-4BD2-976A-9E6314098448}.Debug|Any CPU.Build.0 = Debug|Any CPU
		{63BCD58D-F64A-4BD2-976A-9E6314098448}.Release|Any CPU.ActiveCfg = Release|Any CPU
		{63BCD58D-F64A-4BD2-976A-9E6314098448}.Release|Any CPU.Build.0 = Release|Any CPU
		{0FBD0EF2-E8B9-4E77-9B7B-B1D750550438}.Debug|Any CPU.ActiveCfg = Debug|Any CPU
		{0FBD0EF2-E8B9-4E77-9B7B-B1D750550438}.Debug|Any CPU.Build.0 = Debug|Any CPU
		{0FBD0EF2-E8B9-4E77-9B7B-B1D750550438}.Release|Any CPU.ActiveCfg = Release|Any CPU
		{0FBD0EF2-E8B9-4E77-9B7B-B1D750550438}.Release|Any CPU.Build.0 = Release|Any CPU
	EndGlobalSection
	GlobalSection(SolutionProperties) = preSolution
		HideSolutionNode = FALSE
	EndGlobalSection
	GlobalSection(ExtensibilityGlobals) = postSolution
		SolutionGuid = {A682880C-B936-4F24-8A97-B6C069D0CB2A}
	EndGlobalSection
EndGlobal
