
Microsoft Visual Studio Solution File, Format Version 12.00
# Visual Studio Version 17
VisualStudioVersion = 17.8.34322.80
MinimumVisualStudioVersion = 10.0.40219.1
Project("{FAE04EC0-301F-11D3-BF4B-00C04F79EFBC}") = "WineshopPertsonala", "WineshopPertsonala.csproj", "{205120D5-988B-4352-BF8E-4DDA0B343225}"
EndProject
Global
	GlobalSection(SolutionConfigurationPlatforms) = preSolution
		Debug|Any CPU = Debug|Any CPU
		Release|Any CPU = Release|Any CPU
	EndGlobalSection
	GlobalSection(ProjectConfigurationPlatforms) = postSolution
		{205120D5-988B-4352-BF8E-4DDA0B343225}.Debug|Any CPU.ActiveCfg = Debug|Any CPU
		{205120D5-988B-4352-BF8E-4DDA0B343225}.Debug|Any CPU.Build.0 = Debug|Any CPU
		{205120D5-988B-4352-BF8E-4DDA0B343225}.Release|Any CPU.ActiveCfg = Release|Any CPU
		{205120D5-988B-4352-BF8E-4DDA0B343225}.Release|Any CPU.Build.0 = Release|Any CPU
	EndGlobalSection
	GlobalSection(SolutionProperties) = preSolution
		HideSolutionNode = FALSE
	EndGlobalSection
	GlobalSection(ExtensibilityGlobals) = postSolution
		SolutionGuid = {8027DE4D-0738-4C23-BA4B-81064E59CDFD}
	EndGlobalSection
EndGlobal
