
Microsoft Visual Studio Solution File, Format Version 12.00
# Visual Studio Version 17
VisualStudioVersion = 17.7.34031.279
MinimumVisualStudioVersion = 10.0.40219.1
Project("{FAE04EC0-301F-11D3-BF4B-00C04F79EFBC}") = "WineShop", "WineShop\WineShop.csproj", "{0973D018-E746-4013-9C2D-BB184C262A63}"
EndProject
Project("{FAE04EC0-301F-11D3-BF4B-00C04F79EFBC}") = "RESTAPI", "RESTAPI\RESTAPI\RESTAPI.csproj", "{99164434-15C8-439E-8757-1C2F0771115D}"
EndProject
Global
	GlobalSection(SolutionConfigurationPlatforms) = preSolution
		Debug|Any CPU = Debug|Any CPU
		Release|Any CPU = Release|Any CPU
	EndGlobalSection
	GlobalSection(ProjectConfigurationPlatforms) = postSolution
		{0973D018-E746-4013-9C2D-BB184C262A63}.Debug|Any CPU.ActiveCfg = Debug|Any CPU
		{0973D018-E746-4013-9C2D-BB184C262A63}.Debug|Any CPU.Build.0 = Debug|Any CPU
		{0973D018-E746-4013-9C2D-BB184C262A63}.Release|Any CPU.ActiveCfg = Release|Any CPU
		{0973D018-E746-4013-9C2D-BB184C262A63}.Release|Any CPU.Build.0 = Release|Any CPU
		{99164434-15C8-439E-8757-1C2F0771115D}.Debug|Any CPU.ActiveCfg = Debug|Any CPU
		{99164434-15C8-439E-8757-1C2F0771115D}.Debug|Any CPU.Build.0 = Debug|Any CPU
		{99164434-15C8-439E-8757-1C2F0771115D}.Release|Any CPU.ActiveCfg = Release|Any CPU
		{99164434-15C8-439E-8757-1C2F0771115D}.Release|Any CPU.Build.0 = Release|Any CPU
	EndGlobalSection
	GlobalSection(SolutionProperties) = preSolution
		HideSolutionNode = FALSE
	EndGlobalSection
	GlobalSection(ExtensibilityGlobals) = postSolution
		SolutionGuid = {731D4EB7-0A51-4DDD-BCA6-8B8C388907D2}
	EndGlobalSection
EndGlobal
