
Microsoft Visual Studio Solution File, Format Version 12.00
# Visual Studio Version 17
VisualStudioVersion = 17.12.35527.113 d17.12
MinimumVisualStudioVersion = 10.0.40219.1
Project("{FAE04EC0-301F-11D3-BF4B-00C04F79EFBC}") = "RESTAPI", "..\..\..\Interfaze\Examen\RESTAPI\RESTAPI\RESTAPI.csproj", "{06DF878C-9CEF-493D-B1D4-9F5BC5B5E01D}"
EndProject
Project("{FAE04EC0-301F-11D3-BF4B-00C04F79EFBC}") = "WineShop", "..\..\..\Interfaze\Examen\WineShop\WineShop.csproj", "{C0F73795-0891-4616-B72B-35EEB67612F2}"
EndProject
Global
	GlobalSection(SolutionConfigurationPlatforms) = preSolution
		Debug|Any CPU = Debug|Any CPU
		Release|Any CPU = Release|Any CPU
	EndGlobalSection
	GlobalSection(ProjectConfigurationPlatforms) = postSolution
		{06DF878C-9CEF-493D-B1D4-9F5BC5B5E01D}.Debug|Any CPU.ActiveCfg = Debug|Any CPU
		{06DF878C-9CEF-493D-B1D4-9F5BC5B5E01D}.Debug|Any CPU.Build.0 = Debug|Any CPU
		{06DF878C-9CEF-493D-B1D4-9F5BC5B5E01D}.Release|Any CPU.ActiveCfg = Release|Any CPU
		{06DF878C-9CEF-493D-B1D4-9F5BC5B5E01D}.Release|Any CPU.Build.0 = Release|Any CPU
		{C0F73795-0891-4616-B72B-35EEB67612F2}.Debug|Any CPU.ActiveCfg = Debug|Any CPU
		{C0F73795-0891-4616-B72B-35EEB67612F2}.Debug|Any CPU.Build.0 = Debug|Any CPU
		{C0F73795-0891-4616-B72B-35EEB67612F2}.Release|Any CPU.ActiveCfg = Release|Any CPU
		{C0F73795-0891-4616-B72B-35EEB67612F2}.Release|Any CPU.Build.0 = Release|Any CPU
	EndGlobalSection
	GlobalSection(SolutionProperties) = preSolution
		HideSolutionNode = FALSE
	EndGlobalSection
EndGlobal
