
Microsoft Visual Studio Solution File, Format Version 12.00
# Visual Studio Version 17
VisualStudioVersion = 17.7.34031.279
MinimumVisualStudioVersion = 10.0.40219.1
Project("{FAE04EC0-301F-11D3-BF4B-00C04F79EFBC}") = "Kalkulagailua", "Kalkulagailua\Kalkulagailua.csproj", "{18DDD03D-96E6-4C5B-AE25-EAE4EC000B5E}"
EndProject
Global
	GlobalSection(SolutionConfigurationPlatforms) = preSolution
		Debug|Any CPU = Debug|Any CPU
		Release|Any CPU = Release|Any CPU
	EndGlobalSection
	GlobalSection(ProjectConfigurationPlatforms) = postSolution
		{18DDD03D-96E6-4C5B-AE25-EAE4EC000B5E}.Debug|Any CPU.ActiveCfg = Debug|Any CPU
		{18DDD03D-96E6-4C5B-AE25-EAE4EC000B5E}.Debug|Any CPU.Build.0 = Debug|Any CPU
		{18DDD03D-96E6-4C5B-AE25-EAE4EC000B5E}.Release|Any CPU.ActiveCfg = Release|Any CPU
		{18DDD03D-96E6-4C5B-AE25-EAE4EC000B5E}.Release|Any CPU.Build.0 = Release|Any CPU
	EndGlobalSection
	GlobalSection(SolutionProperties) = preSolution
		HideSolutionNode = FALSE
	EndGlobalSection
	GlobalSection(ExtensibilityGlobals) = postSolution
		SolutionGuid = {8A86FE10-9883-453C-946B-0178B1DD60BE}
	EndGlobalSection
EndGlobal
