
Microsoft Visual Studio Solution File, Format Version 12.00
# Visual Studio Version 17
VisualStudioVersion = 17.8.34322.80
MinimumVisualStudioVersion = 10.0.40219.1
Project("{FAE04EC0-301F-11D3-BF4B-00C04F79EFBC}") = "Errepasoa", "Errepasoa\Errepasoa.csproj", "{6B1E10A0-2C83-4FA5-B658-C05E54F7FF25}"
EndProject
Global
	GlobalSection(SolutionConfigurationPlatforms) = preSolution
		Debug|Any CPU = Debug|Any CPU
		Release|Any CPU = Release|Any CPU
	EndGlobalSection
	GlobalSection(ProjectConfigurationPlatforms) = postSolution
		{6B1E10A0-2C83-4FA5-B658-C05E54F7FF25}.Debug|Any CPU.ActiveCfg = Debug|Any CPU
		{6B1E10A0-2C83-4FA5-B658-C05E54F7FF25}.Debug|Any CPU.Build.0 = Debug|Any CPU
		{6B1E10A0-2C83-4FA5-B658-C05E54F7FF25}.Release|Any CPU.ActiveCfg = Release|Any CPU
		{6B1E10A0-2C83-4FA5-B658-C05E54F7FF25}.Release|Any CPU.Build.0 = Release|Any CPU
	EndGlobalSection
	GlobalSection(SolutionProperties) = preSolution
		HideSolutionNode = FALSE
	EndGlobalSection
	GlobalSection(ExtensibilityGlobals) = postSolution
		SolutionGuid = {CCB590E3-7AB0-40DC-A517-BCA5C2C7B251}
	EndGlobalSection
EndGlobal
