
Microsoft Visual Studio Solution File, Format Version 12.00
# Visual Studio Version 17
VisualStudioVersion = 17.7.34031.279
MinimumVisualStudioVersion = 10.0.40219.1
Project("{FAE04EC0-301F-11D3-BF4B-00C04F79EFBC}") = "Esaldiak", "Esaldiak\Esaldiak.csproj", "{33B545E8-1995-451C-8728-D70CD19A1CF8}"
EndProject
Global
	GlobalSection(SolutionConfigurationPlatforms) = preSolution
		Debug|Any CPU = Debug|Any CPU
		Release|Any CPU = Release|Any CPU
	EndGlobalSection
	GlobalSection(ProjectConfigurationPlatforms) = postSolution
		{33B545E8-1995-451C-8728-D70CD19A1CF8}.Debug|Any CPU.ActiveCfg = Debug|Any CPU
		{33B545E8-1995-451C-8728-D70CD19A1CF8}.Debug|Any CPU.Build.0 = Debug|Any CPU
		{33B545E8-1995-451C-8728-D70CD19A1CF8}.Release|Any CPU.ActiveCfg = Release|Any CPU
		{33B545E8-1995-451C-8728-D70CD19A1CF8}.Release|Any CPU.Build.0 = Release|Any CPU
	EndGlobalSection
	GlobalSection(SolutionProperties) = preSolution
		HideSolutionNode = FALSE
	EndGlobalSection
	GlobalSection(ExtensibilityGlobals) = postSolution
		SolutionGuid = {60765631-BECE-4F2B-AB65-C48A1F905816}
	EndGlobalSection
EndGlobal
